
Microsoft Visual Studio Solution File, Format Version 12.00
# Visual Studio Version 17
VisualStudioVersion = 17.5.33530.505
MinimumVisualStudioVersion = 10.0.40219.1
Project("{FAE04EC0-301F-11D3-BF4B-00C04F79EFBC}") = "Via.TercaGeekBenchmark", "Via.TercaGeekBenchmark\Via.TercaGeekBenchmark.csproj", "{C863CAB9-4208-4B8B-8EC9-1398422D2D0C}"
EndProject
Global
	GlobalSection(SolutionConfigurationPlatforms) = preSolution
		Debug|Any CPU = Debug|Any CPU
		Release|Any CPU = Release|Any CPU
	EndGlobalSection
	GlobalSection(ProjectConfigurationPlatforms) = postSolution
		{C863CAB9-4208-4B8B-8EC9-1398422D2D0C}.Debug|Any CPU.ActiveCfg = Debug|Any CPU
		{C863CAB9-4208-4B8B-8EC9-1398422D2D0C}.Debug|Any CPU.Build.0 = Debug|Any CPU
		{C863CAB9-4208-4B8B-8EC9-1398422D2D0C}.Release|Any CPU.ActiveCfg = Release|Any CPU
		{C863CAB9-4208-4B8B-8EC9-1398422D2D0C}.Release|Any CPU.Build.0 = Release|Any CPU
	EndGlobalSection
	GlobalSection(SolutionProperties) = preSolution
		HideSolutionNode = FALSE
	EndGlobalSection
	GlobalSection(ExtensibilityGlobals) = postSolution
		SolutionGuid = {6885CD5C-62B8-44D5-B9F9-E914484C1C87}
	EndGlobalSection
EndGlobal
